{
  "object": {
    "pins": [
      {
        "package": "FisherYates",
        "repositoryURL": "https://github.com/nieyu/FisherYates.git",
        "state": {
          "branch": null,
          "revision": "bcb27210f51c85ea217fa608ec33b6015ab8507f",
          "version": "3.0.2"
        }
      },
      {
        "package": "PlayingCard",
        "repositoryURL": "https://github.com/nieyu/PlayingCard.git",
        "state": {
          "branch": null,
          "revision": "61405e9776a2fae001a19bd5de619bbab6121906",
          "version": "2.0.6"
        }
      }
    ]
  },
  "version": 1
}
