{
  "object": {
    "pins": [
      {
        "package": "FisherYates",
        "repositoryURL": "https://github.com/nieyu/FisherYates.git",
        "state": {
          "branch": null,
          "revision": "a164c34529c15a11f53cc0d5ee3d9c7ac3cdd8bb",
          "version": "2.0.1"
        }
      },
      {
        "package": "PlayingCard",
        "repositoryURL": "https://github.com/nieyu/PlayingCard.git",
        "state": {
          "branch": null,
          "revision": "75fb3c25c6cf521236fc5819f4ce58368324e3c9",
          "version": "2.0.5"
        }
      }
    ]
  },
  "version": 1
}
